
Microsoft Visual Studio Solution File, Format Version 12.00
# Visual Studio 15
VisualStudioVersion = 15.0.27703.2018
MinimumVisualStudioVersion = 10.0.40219.1
Project("{9A19103F-16F7-4668-BE54-9A1E7A4F7556}") = "HEF.Util", "src\HEF.Util\HEF.Util.csproj", "{5F2633FF-E22C-4BA3-99A5-C89D91303B55}"
EndProject
Project("{9A19103F-16F7-4668-BE54-9A1E7A4F7556}") = "HEF.Core", "src\HEF.Core\HEF.Core.csproj", "{C218E4B4-C084-4A5C-BB57-F4FA9D2E2421}"
EndProject
Project("{2150E333-8FDC-42A3-9474-1A3956D46DE8}") = "Security", "Security", "{FCFBCEA8-2E2F-45DE-AB6D-98A521B8CDD1}"
EndProject
Project("{2150E333-8FDC-42A3-9474-1A3956D46DE8}") = "Base", "Base", "{0F109F72-C1EC-46BA-962E-040E1E11B6F3}"
EndProject
Project("{2150E333-8FDC-42A3-9474-1A3956D46DE8}") = "Entity", "Entity", "{73C2BAEA-5EC8-4A01-9C62-01AD8FB65C5E}"
EndProject
Project("{9A19103F-16F7-4668-BE54-9A1E7A4F7556}") = "HEF.Entity", "src\HEF.Entity\HEF.Entity.csproj", "{3C21F37D-EF92-49C6-A669-FB27D1C5C356}"
EndProject
Project("{9A19103F-16F7-4668-BE54-9A1E7A4F7556}") = "HEF.Security.Cryptography", "src\HEF.Security.Cryptography\HEF.Security.Cryptography.csproj", "{B31BA234-C753-4530-BC60-9123C8E51DD8}"
EndProject
Global
	GlobalSection(SolutionConfigurationPlatforms) = preSolution
		Debug|Any CPU = Debug|Any CPU
		Release|Any CPU = Release|Any CPU
	EndGlobalSection
	GlobalSection(ProjectConfigurationPlatforms) = postSolution
		{5F2633FF-E22C-4BA3-99A5-C89D91303B55}.Debug|Any CPU.ActiveCfg = Debug|Any CPU
		{5F2633FF-E22C-4BA3-99A5-C89D91303B55}.Debug|Any CPU.Build.0 = Debug|Any CPU
		{5F2633FF-E22C-4BA3-99A5-C89D91303B55}.Release|Any CPU.ActiveCfg = Release|Any CPU
		{5F2633FF-E22C-4BA3-99A5-C89D91303B55}.Release|Any CPU.Build.0 = Release|Any CPU
		{C218E4B4-C084-4A5C-BB57-F4FA9D2E2421}.Debug|Any CPU.ActiveCfg = Debug|Any CPU
		{C218E4B4-C084-4A5C-BB57-F4FA9D2E2421}.Debug|Any CPU.Build.0 = Debug|Any CPU
		{C218E4B4-C084-4A5C-BB57-F4FA9D2E2421}.Release|Any CPU.ActiveCfg = Release|Any CPU
		{C218E4B4-C084-4A5C-BB57-F4FA9D2E2421}.Release|Any CPU.Build.0 = Release|Any CPU
		{3C21F37D-EF92-49C6-A669-FB27D1C5C356}.Debug|Any CPU.ActiveCfg = Debug|Any CPU
		{3C21F37D-EF92-49C6-A669-FB27D1C5C356}.Debug|Any CPU.Build.0 = Debug|Any CPU
		{3C21F37D-EF92-49C6-A669-FB27D1C5C356}.Release|Any CPU.ActiveCfg = Release|Any CPU
		{3C21F37D-EF92-49C6-A669-FB27D1C5C356}.Release|Any CPU.Build.0 = Release|Any CPU
		{B31BA234-C753-4530-BC60-9123C8E51DD8}.Debug|Any CPU.ActiveCfg = Debug|Any CPU
		{B31BA234-C753-4530-BC60-9123C8E51DD8}.Debug|Any CPU.Build.0 = Debug|Any CPU
		{B31BA234-C753-4530-BC60-9123C8E51DD8}.Release|Any CPU.ActiveCfg = Release|Any CPU
		{B31BA234-C753-4530-BC60-9123C8E51DD8}.Release|Any CPU.Build.0 = Release|Any CPU
	EndGlobalSection
	GlobalSection(SolutionProperties) = preSolution
		HideSolutionNode = FALSE
	EndGlobalSection
	GlobalSection(NestedProjects) = preSolution
		{5F2633FF-E22C-4BA3-99A5-C89D91303B55} = {0F109F72-C1EC-46BA-962E-040E1E11B6F3}
		{C218E4B4-C084-4A5C-BB57-F4FA9D2E2421} = {0F109F72-C1EC-46BA-962E-040E1E11B6F3}
		{3C21F37D-EF92-49C6-A669-FB27D1C5C356} = {73C2BAEA-5EC8-4A01-9C62-01AD8FB65C5E}
		{B31BA234-C753-4530-BC60-9123C8E51DD8} = {FCFBCEA8-2E2F-45DE-AB6D-98A521B8CDD1}
	EndGlobalSection
	GlobalSection(ExtensibilityGlobals) = postSolution
		SolutionGuid = {754EA7F2-9629-4F8B-A086-1196C8D54447}
	EndGlobalSection
EndGlobal
